
Microsoft Visual Studio Solution File, Format Version 12.00
# Visual Studio 15
VisualStudioVersion = 15.0.28307.421
MinimumVisualStudioVersion = 10.0.40219.1
Project("{FAE04EC0-301F-11D3-BF4B-00C04F79EFBC}") = "Laboratory work 2", "Laboratory work 2\Laboratory work 2.csproj", "{4C3E6B89-E93B-462F-AAA8-FDCA9A3602E9}"
EndProject
Global
	GlobalSection(SolutionConfigurationPlatforms) = preSolution
		Debug|Any CPU = Debug|Any CPU
		Release|Any CPU = Release|Any CPU
	EndGlobalSection
	GlobalSection(ProjectConfigurationPlatforms) = postSolution
		{4C3E6B89-E93B-462F-AAA8-FDCA9A3602E9}.Debug|Any CPU.ActiveCfg = Debug|Any CPU
		{4C3E6B89-E93B-462F-AAA8-FDCA9A3602E9}.Debug|Any CPU.Build.0 = Debug|Any CPU
		{4C3E6B89-E93B-462F-AAA8-FDCA9A3602E9}.Release|Any CPU.ActiveCfg = Release|Any CPU
		{4C3E6B89-E93B-462F-AAA8-FDCA9A3602E9}.Release|Any CPU.Build.0 = Release|Any CPU
	EndGlobalSection
	GlobalSection(SolutionProperties) = preSolution
		HideSolutionNode = FALSE
	EndGlobalSection
	GlobalSection(ExtensibilityGlobals) = postSolution
		SolutionGuid = {493612A2-890D-4A4C-857E-2DF20F284477}
	EndGlobalSection
EndGlobal
